
Microsoft Visual Studio Solution File, Format Version 12.00
# Visual Studio Version 17
VisualStudioVersion = 17.5.002.0
MinimumVisualStudioVersion = 10.0.40219.1
Project("{9A19103F-16F7-4668-BE54-9A1E7A4F7556}") = "XenoAtom.Interop.musl", "XenoAtom.Interop.musl\XenoAtom.Interop.musl.csproj", "{97F1E4F5-7624-4C6C-A70B-2DDB9D294DF2}"
EndProject
Project("{9A19103F-16F7-4668-BE54-9A1E7A4F7556}") = "XenoAtom.Interop.musl.Tests", "XenoAtom.Interop.musl.Tests\XenoAtom.Interop.musl.Tests.csproj", "{8750E49D-2EA9-4F33-9A92-D0325AA34729}"
EndProject
Global
	GlobalSection(SolutionConfigurationPlatforms) = preSolution
		Debug|Any CPU = Debug|Any CPU
		Release|Any CPU = Release|Any CPU
	EndGlobalSection
	GlobalSection(ProjectConfigurationPlatforms) = postSolution
		{97F1E4F5-7624-4C6C-A70B-2DDB9D294DF2}.Debug|Any CPU.ActiveCfg = Debug|Any CPU
		{97F1E4F5-7624-4C6C-A70B-2DDB9D294DF2}.Debug|Any CPU.Build.0 = Debug|Any CPU
		{97F1E4F5-7624-4C6C-A70B-2DDB9D294DF2}.Release|Any CPU.ActiveCfg = Release|Any CPU
		{97F1E4F5-7624-4C6C-A70B-2DDB9D294DF2}.Release|Any CPU.Build.0 = Release|Any CPU
		{8750E49D-2EA9-4F33-9A92-D0325AA34729}.Debug|Any CPU.ActiveCfg = Debug|Any CPU
		{8750E49D-2EA9-4F33-9A92-D0325AA34729}.Debug|Any CPU.Build.0 = Debug|Any CPU
		{8750E49D-2EA9-4F33-9A92-D0325AA34729}.Release|Any CPU.ActiveCfg = Release|Any CPU
		{8750E49D-2EA9-4F33-9A92-D0325AA34729}.Release|Any CPU.Build.0 = Release|Any CPU
	EndGlobalSection
	GlobalSection(SolutionProperties) = preSolution
		HideSolutionNode = FALSE
	EndGlobalSection
	GlobalSection(ExtensibilityGlobals) = postSolution
		SolutionGuid = {C62F8F6B-2362-426F-9E43-B73F762D34A3}
	EndGlobalSection
EndGlobal
