
Microsoft Visual Studio Solution File, Format Version 12.00
# Visual Studio Version 17
VisualStudioVersion = 17.0.32014.148
MinimumVisualStudioVersion = 10.0.40219.1
Project("{2150E333-8FDC-42A3-9474-1A3956D46DE8}") = "00-general", "00-general", "{BBC4B16D-083F-47E6-BFAE-9064E600F230}"
	ProjectSection(SolutionItems) = preProject
		..\.editorconfig = ..\.editorconfig
		..\.gitattributes = ..\.gitattributes
		..\.gitignore = ..\.gitignore
		dotnet-releaser.toml = dotnet-releaser.toml
		global.json = global.json
		..\license.txt = ..\license.txt
		..\readme.md = ..\readme.md
	EndProjectSection
EndProject
Project("{2150E333-8FDC-42A3-9474-1A3956D46DE8}") = "libgit2", "libgit2", "{9ECFE155-3AA4-4385-B45A-4274D1FA27AE}"
	ProjectSection(SolutionItems) = preProject
		libgit2\dotnet-releaser.toml = libgit2\dotnet-releaser.toml
	EndProjectSection
EndProject
Project("{9A19103F-16F7-4668-BE54-9A1E7A4F7556}") = "XenoAtom.Interop.libgit2", "libgit2\XenoAtom.Interop.libgit2\XenoAtom.Interop.libgit2.csproj", "{EABB8FB1-97B7-4A72-87A8-48D2F07AB7B2}"
EndProject
Project("{9A19103F-16F7-4668-BE54-9A1E7A4F7556}") = "XenoAtom.Interop.CodeGen", "codegen\XenoAtom.Interop.CodeGen\XenoAtom.Interop.CodeGen.csproj", "{CA3DDA1A-F191-475F-8EF4-44EEF9785A7E}"
EndProject
Project("{2150E333-8FDC-42A3-9474-1A3956D46DE8}") = "10-codegen", "10-codegen", "{74E26887-1ECE-47FA-A8DA-23BC52DE601F}"
EndProject
Project("{9A19103F-16F7-4668-BE54-9A1E7A4F7556}") = "XenoAtom.Interop.libgit2.Tests", "libgit2\XenoAtom.Interop.libgit2.Tests\XenoAtom.Interop.libgit2.Tests.csproj", "{04F43E5A-D0D4-4662-9E53-5C77A62D6BA2}"
EndProject
Project("{2150E333-8FDC-42A3-9474-1A3956D46DE8}") = "zlib", "zlib", "{0FF4A742-8EF4-49EE-A36B-1A1B23EB9D81}"
	ProjectSection(SolutionItems) = preProject
		zlib\dotnet-releaser.toml = zlib\dotnet-releaser.toml
	EndProjectSection
EndProject
Project("{9A19103F-16F7-4668-BE54-9A1E7A4F7556}") = "XenoAtom.Interop.zlib", "zlib\XenoAtom.Interop.zlib\XenoAtom.Interop.zlib.csproj", "{70C53ACE-E612-4A04-A25E-99A8CFEE872F}"
EndProject
Project("{9A19103F-16F7-4668-BE54-9A1E7A4F7556}") = "XenoAtom.Interop.zlib.Tests", "zlib\XenoAtom.Interop.zlib.Tests\XenoAtom.Interop.zlib.Tests.csproj", "{8246C61F-6C93-47ED-8735-391488AAA92C}"
EndProject
Project("{2150E333-8FDC-42A3-9474-1A3956D46DE8}") = "sqlite", "sqlite", "{B16B5815-9571-4279-BDB2-37F0465EDD73}"
	ProjectSection(SolutionItems) = preProject
		sqlite\dotnet-releaser.toml = sqlite\dotnet-releaser.toml
	EndProjectSection
EndProject
Project("{9A19103F-16F7-4668-BE54-9A1E7A4F7556}") = "XenoAtom.Interop.sqlite", "sqlite\XenoAtom.Interop.sqlite\XenoAtom.Interop.sqlite.csproj", "{D1E343D7-68B3-449F-96AC-398D4C217532}"
EndProject
Project("{9A19103F-16F7-4668-BE54-9A1E7A4F7556}") = "XenoAtom.Interop.sqlite.Tests", "sqlite\XenoAtom.Interop.sqlite.Tests\XenoAtom.Interop.sqlite.Tests.csproj", "{D2146638-059A-4C90-99F1-3582F8E96CED}"
EndProject
Project("{2150E333-8FDC-42A3-9474-1A3956D46DE8}") = "20-libraries", "20-libraries", "{DA3698BE-1790-4569-A569-ECA2F29E25A9}"
	ProjectSection(SolutionItems) = preProject
		LibraryShared.props = LibraryShared.props
		TestsShared.props = TestsShared.props
	EndProjectSection
EndProject
Project("{2150E333-8FDC-42A3-9474-1A3956D46DE8}") = "musl", "musl", "{8F07A42A-67D3-4E3C-8C1F-ADA11D4A9FCA}"
	ProjectSection(SolutionItems) = preProject
		musl\dotnet-releaser.toml = musl\dotnet-releaser.toml
	EndProjectSection
EndProject
Project("{9A19103F-16F7-4668-BE54-9A1E7A4F7556}") = "XenoAtom.Interop.musl", "musl\XenoAtom.Interop.musl\XenoAtom.Interop.musl.csproj", "{D8A4BADC-8B82-4C6E-A8F4-3A18E8404CF0}"
EndProject
Project("{9A19103F-16F7-4668-BE54-9A1E7A4F7556}") = "XenoAtom.Interop.musl.Tests", "musl\XenoAtom.Interop.musl.Tests\XenoAtom.Interop.musl.Tests.csproj", "{652E3FC2-981F-441F-9646-A7B5E1D51F47}"
EndProject
Project("{2150E333-8FDC-42A3-9474-1A3956D46DE8}") = "common", "common", "{1D91958C-42BB-4097-9E78-870762C2F757}"
	ProjectSection(SolutionItems) = preProject
		common\dotnet-releaser.toml = common\dotnet-releaser.toml
	EndProjectSection
EndProject
Project("{2150E333-8FDC-42A3-9474-1A3956D46DE8}") = "01-ci", "01-ci", "{F7B3343D-5632-4BBA-BF11-4D6206E55ABC}"
	ProjectSection(SolutionItems) = preProject
		..\.github\workflows\ci_build_codegen.yml = ..\.github\workflows\ci_build_codegen.yml
		..\.github\workflows\ci_build_common.yml = ..\.github\workflows\ci_build_common.yml
		..\.github\workflows\ci_build_libgit2.yml = ..\.github\workflows\ci_build_libgit2.yml
		..\.github\workflows\ci_build_musl.yml = ..\.github\workflows\ci_build_musl.yml
		..\.github\workflows\ci_build_sqlite.yml = ..\.github\workflows\ci_build_sqlite.yml
		..\.github\workflows\ci_build_vulkan.yml = ..\.github\workflows\ci_build_vulkan.yml
		..\.github\workflows\ci_build_zlib.yml = ..\.github\workflows\ci_build_zlib.yml
		..\.github\workflows\ci_publish_common.yml = ..\.github\workflows\ci_publish_common.yml
		..\.github\workflows\ci_publish_libgit2.yml = ..\.github\workflows\ci_publish_libgit2.yml
		..\.github\workflows\ci_publish_musl.yml = ..\.github\workflows\ci_publish_musl.yml
		..\.github\workflows\ci_publish_sqlite.yml = ..\.github\workflows\ci_publish_sqlite.yml
		..\.github\workflows\ci_publish_vulkan.yml = ..\.github\workflows\ci_publish_vulkan.yml
		..\.github\workflows\ci_publish_zlib.yml = ..\.github\workflows\ci_publish_zlib.yml
	EndProjectSection
EndProject
Project("{9A19103F-16F7-4668-BE54-9A1E7A4F7556}") = "XenoAtom.Interop.common", "common\XenoAtom.Interop.common\XenoAtom.Interop.common.csproj", "{50C95DF8-45FE-45E3-8FDD-EEC7F38295FF}"
EndProject
Project("{9A19103F-16F7-4668-BE54-9A1E7A4F7556}") = "XenoAtom.Interop.common.Tests", "common\XenoAtom.Interop.common.Tests\XenoAtom.Interop.common.Tests.csproj", "{D546620A-658B-4243-AFAE-1406FA0FFEA2}"
EndProject
Project("{2150E333-8FDC-42A3-9474-1A3956D46DE8}") = "vulkan", "vulkan", "{E1CE2480-5854-437F-B715-352BD3C6F21C}"
EndProject
Project("{9A19103F-16F7-4668-BE54-9A1E7A4F7556}") = "XenoAtom.Interop.vulkan", "vulkan\XenoAtom.Interop.vulkan\XenoAtom.Interop.vulkan.csproj", "{AD8EE508-E6D0-404C-B710-20C2BC61FB0C}"
EndProject
Project("{9A19103F-16F7-4668-BE54-9A1E7A4F7556}") = "XenoAtom.Interop.vulkan.Tests", "vulkan\XenoAtom.Interop.vulkan.Tests\XenoAtom.Interop.vulkan.Tests.csproj", "{75E2676A-38CE-4264-9717-082A384D29EC}"
EndProject
Global
	GlobalSection(SolutionConfigurationPlatforms) = preSolution
		Debug|Any CPU = Debug|Any CPU
		Release|Any CPU = Release|Any CPU
	EndGlobalSection
	GlobalSection(ProjectConfigurationPlatforms) = postSolution
		{EABB8FB1-97B7-4A72-87A8-48D2F07AB7B2}.Debug|Any CPU.ActiveCfg = Debug|Any CPU
		{EABB8FB1-97B7-4A72-87A8-48D2F07AB7B2}.Debug|Any CPU.Build.0 = Debug|Any CPU
		{EABB8FB1-97B7-4A72-87A8-48D2F07AB7B2}.Release|Any CPU.ActiveCfg = Release|Any CPU
		{EABB8FB1-97B7-4A72-87A8-48D2F07AB7B2}.Release|Any CPU.Build.0 = Release|Any CPU
		{CA3DDA1A-F191-475F-8EF4-44EEF9785A7E}.Debug|Any CPU.ActiveCfg = Debug|Any CPU
		{CA3DDA1A-F191-475F-8EF4-44EEF9785A7E}.Debug|Any CPU.Build.0 = Debug|Any CPU
		{CA3DDA1A-F191-475F-8EF4-44EEF9785A7E}.Release|Any CPU.ActiveCfg = Release|Any CPU
		{CA3DDA1A-F191-475F-8EF4-44EEF9785A7E}.Release|Any CPU.Build.0 = Release|Any CPU
		{04F43E5A-D0D4-4662-9E53-5C77A62D6BA2}.Debug|Any CPU.ActiveCfg = Debug|Any CPU
		{04F43E5A-D0D4-4662-9E53-5C77A62D6BA2}.Debug|Any CPU.Build.0 = Debug|Any CPU
		{04F43E5A-D0D4-4662-9E53-5C77A62D6BA2}.Release|Any CPU.ActiveCfg = Release|Any CPU
		{04F43E5A-D0D4-4662-9E53-5C77A62D6BA2}.Release|Any CPU.Build.0 = Release|Any CPU
		{70C53ACE-E612-4A04-A25E-99A8CFEE872F}.Debug|Any CPU.ActiveCfg = Debug|Any CPU
		{70C53ACE-E612-4A04-A25E-99A8CFEE872F}.Debug|Any CPU.Build.0 = Debug|Any CPU
		{70C53ACE-E612-4A04-A25E-99A8CFEE872F}.Release|Any CPU.ActiveCfg = Release|Any CPU
		{70C53ACE-E612-4A04-A25E-99A8CFEE872F}.Release|Any CPU.Build.0 = Release|Any CPU
		{8246C61F-6C93-47ED-8735-391488AAA92C}.Debug|Any CPU.ActiveCfg = Debug|Any CPU
		{8246C61F-6C93-47ED-8735-391488AAA92C}.Debug|Any CPU.Build.0 = Debug|Any CPU
		{8246C61F-6C93-47ED-8735-391488AAA92C}.Release|Any CPU.ActiveCfg = Release|Any CPU
		{8246C61F-6C93-47ED-8735-391488AAA92C}.Release|Any CPU.Build.0 = Release|Any CPU
		{D1E343D7-68B3-449F-96AC-398D4C217532}.Debug|Any CPU.ActiveCfg = Debug|Any CPU
		{D1E343D7-68B3-449F-96AC-398D4C217532}.Debug|Any CPU.Build.0 = Debug|Any CPU
		{D1E343D7-68B3-449F-96AC-398D4C217532}.Release|Any CPU.ActiveCfg = Release|Any CPU
		{D1E343D7-68B3-449F-96AC-398D4C217532}.Release|Any CPU.Build.0 = Release|Any CPU
		{D2146638-059A-4C90-99F1-3582F8E96CED}.Debug|Any CPU.ActiveCfg = Debug|Any CPU
		{D2146638-059A-4C90-99F1-3582F8E96CED}.Debug|Any CPU.Build.0 = Debug|Any CPU
		{D2146638-059A-4C90-99F1-3582F8E96CED}.Release|Any CPU.ActiveCfg = Release|Any CPU
		{D2146638-059A-4C90-99F1-3582F8E96CED}.Release|Any CPU.Build.0 = Release|Any CPU
		{D8A4BADC-8B82-4C6E-A8F4-3A18E8404CF0}.Debug|Any CPU.ActiveCfg = Debug|Any CPU
		{D8A4BADC-8B82-4C6E-A8F4-3A18E8404CF0}.Debug|Any CPU.Build.0 = Debug|Any CPU
		{D8A4BADC-8B82-4C6E-A8F4-3A18E8404CF0}.Release|Any CPU.ActiveCfg = Release|Any CPU
		{D8A4BADC-8B82-4C6E-A8F4-3A18E8404CF0}.Release|Any CPU.Build.0 = Release|Any CPU
		{652E3FC2-981F-441F-9646-A7B5E1D51F47}.Debug|Any CPU.ActiveCfg = Debug|Any CPU
		{652E3FC2-981F-441F-9646-A7B5E1D51F47}.Debug|Any CPU.Build.0 = Debug|Any CPU
		{652E3FC2-981F-441F-9646-A7B5E1D51F47}.Release|Any CPU.ActiveCfg = Release|Any CPU
		{652E3FC2-981F-441F-9646-A7B5E1D51F47}.Release|Any CPU.Build.0 = Release|Any CPU
		{50C95DF8-45FE-45E3-8FDD-EEC7F38295FF}.Debug|Any CPU.ActiveCfg = Debug|Any CPU
		{50C95DF8-45FE-45E3-8FDD-EEC7F38295FF}.Debug|Any CPU.Build.0 = Debug|Any CPU
		{50C95DF8-45FE-45E3-8FDD-EEC7F38295FF}.Release|Any CPU.ActiveCfg = Release|Any CPU
		{50C95DF8-45FE-45E3-8FDD-EEC7F38295FF}.Release|Any CPU.Build.0 = Release|Any CPU
		{D546620A-658B-4243-AFAE-1406FA0FFEA2}.Debug|Any CPU.ActiveCfg = Debug|Any CPU
		{D546620A-658B-4243-AFAE-1406FA0FFEA2}.Debug|Any CPU.Build.0 = Debug|Any CPU
		{D546620A-658B-4243-AFAE-1406FA0FFEA2}.Release|Any CPU.ActiveCfg = Release|Any CPU
		{D546620A-658B-4243-AFAE-1406FA0FFEA2}.Release|Any CPU.Build.0 = Release|Any CPU
		{AD8EE508-E6D0-404C-B710-20C2BC61FB0C}.Debug|Any CPU.ActiveCfg = Debug|Any CPU
		{AD8EE508-E6D0-404C-B710-20C2BC61FB0C}.Debug|Any CPU.Build.0 = Debug|Any CPU
		{AD8EE508-E6D0-404C-B710-20C2BC61FB0C}.Release|Any CPU.ActiveCfg = Release|Any CPU
		{AD8EE508-E6D0-404C-B710-20C2BC61FB0C}.Release|Any CPU.Build.0 = Release|Any CPU
		{75E2676A-38CE-4264-9717-082A384D29EC}.Debug|Any CPU.ActiveCfg = Debug|Any CPU
		{75E2676A-38CE-4264-9717-082A384D29EC}.Debug|Any CPU.Build.0 = Debug|Any CPU
		{75E2676A-38CE-4264-9717-082A384D29EC}.Release|Any CPU.ActiveCfg = Release|Any CPU
		{75E2676A-38CE-4264-9717-082A384D29EC}.Release|Any CPU.Build.0 = Release|Any CPU
	EndGlobalSection
	GlobalSection(SolutionProperties) = preSolution
		HideSolutionNode = FALSE
	EndGlobalSection
	GlobalSection(NestedProjects) = preSolution
		{9ECFE155-3AA4-4385-B45A-4274D1FA27AE} = {DA3698BE-1790-4569-A569-ECA2F29E25A9}
		{EABB8FB1-97B7-4A72-87A8-48D2F07AB7B2} = {9ECFE155-3AA4-4385-B45A-4274D1FA27AE}
		{CA3DDA1A-F191-475F-8EF4-44EEF9785A7E} = {74E26887-1ECE-47FA-A8DA-23BC52DE601F}
		{04F43E5A-D0D4-4662-9E53-5C77A62D6BA2} = {9ECFE155-3AA4-4385-B45A-4274D1FA27AE}
		{0FF4A742-8EF4-49EE-A36B-1A1B23EB9D81} = {DA3698BE-1790-4569-A569-ECA2F29E25A9}
		{70C53ACE-E612-4A04-A25E-99A8CFEE872F} = {0FF4A742-8EF4-49EE-A36B-1A1B23EB9D81}
		{8246C61F-6C93-47ED-8735-391488AAA92C} = {0FF4A742-8EF4-49EE-A36B-1A1B23EB9D81}
		{B16B5815-9571-4279-BDB2-37F0465EDD73} = {DA3698BE-1790-4569-A569-ECA2F29E25A9}
		{D1E343D7-68B3-449F-96AC-398D4C217532} = {B16B5815-9571-4279-BDB2-37F0465EDD73}
		{D2146638-059A-4C90-99F1-3582F8E96CED} = {B16B5815-9571-4279-BDB2-37F0465EDD73}
		{8F07A42A-67D3-4E3C-8C1F-ADA11D4A9FCA} = {DA3698BE-1790-4569-A569-ECA2F29E25A9}
		{D8A4BADC-8B82-4C6E-A8F4-3A18E8404CF0} = {8F07A42A-67D3-4E3C-8C1F-ADA11D4A9FCA}
		{652E3FC2-981F-441F-9646-A7B5E1D51F47} = {8F07A42A-67D3-4E3C-8C1F-ADA11D4A9FCA}
		{1D91958C-42BB-4097-9E78-870762C2F757} = {DA3698BE-1790-4569-A569-ECA2F29E25A9}
		{50C95DF8-45FE-45E3-8FDD-EEC7F38295FF} = {1D91958C-42BB-4097-9E78-870762C2F757}
		{D546620A-658B-4243-AFAE-1406FA0FFEA2} = {1D91958C-42BB-4097-9E78-870762C2F757}
		{E1CE2480-5854-437F-B715-352BD3C6F21C} = {DA3698BE-1790-4569-A569-ECA2F29E25A9}
		{AD8EE508-E6D0-404C-B710-20C2BC61FB0C} = {E1CE2480-5854-437F-B715-352BD3C6F21C}
		{75E2676A-38CE-4264-9717-082A384D29EC} = {E1CE2480-5854-437F-B715-352BD3C6F21C}
	EndGlobalSection
	GlobalSection(ExtensibilityGlobals) = postSolution
		SolutionGuid = {95E8F3B3-49E8-400E-97A1-38D8B946DFCA}
	EndGlobalSection
EndGlobal
